
Microsoft Visual Studio Solution File, Format Version 12.00
# Visual Studio Version 17
VisualStudioVersion = 17.1.32228.430
MinimumVisualStudioVersion = 10.0.40219.1
Project("{9A19103F-16F7-4668-BE54-9A1E7A4F7556}") = "PoTime", "CoolTimer\PoTime.csproj", "{8686A844-33E4-4599-B019-5869C9CB935C}"
EndProject
Global
	GlobalSection(SolutionConfigurationPlatforms) = preSolution
		Debug|Any CPU = Debug|Any CPU
		Release|Any CPU = Release|Any CPU
	EndGlobalSection
	GlobalSection(ProjectConfigurationPlatforms) = postSolution
		{8686A844-33E4-4599-B019-5869C9CB935C}.Debug|Any CPU.ActiveCfg = Debug|Any CPU
		{8686A844-33E4-4599-B019-5869C9CB935C}.Debug|Any CPU.Build.0 = Debug|Any CPU
		{8686A844-33E4-4599-B019-5869C9CB935C}.Release|Any CPU.ActiveCfg = Release|Any CPU
		{8686A844-33E4-4599-B019-5869C9CB935C}.Release|Any CPU.Build.0 = Release|Any CPU
	EndGlobalSection
	GlobalSection(SolutionProperties) = preSolution
		HideSolutionNode = FALSE
	EndGlobalSection
	GlobalSection(ExtensibilityGlobals) = postSolution
		SolutionGuid = {361655D0-31C8-4273-92AB-556BFEFB4802}
	EndGlobalSection
EndGlobal
